
Microsoft Visual Studio Solution File, Format Version 12.00
# Visual Studio Version 16
VisualStudioVersion = 16.0.29609.76
MinimumVisualStudioVersion = 10.0.40219.1
Project("{9A19103F-16F7-4668-BE54-9A1E7A4F7556}") = "RGWebSocket", "RGWebSocket\RGWebSocket.csproj", "{9B0BCB0A-F9EE-4126-9F89-F7949AE594C9}"
EndProject
Project("{9A19103F-16F7-4668-BE54-9A1E7A4F7556}") = "RGWebSocketUnity", "RGWebSocketUnity\RGWebSocketUnity.csproj", "{7B62A14D-ACD0-4498-8D44-8021A26D0B50}"
EndProject
Global
	GlobalSection(SolutionConfigurationPlatforms) = preSolution
		Debug|Any CPU = Debug|Any CPU
		Debug|x64 = Debug|x64
		Release|Any CPU = Release|Any CPU
		Release|x64 = Release|x64
	EndGlobalSection
	GlobalSection(ProjectConfigurationPlatforms) = postSolution
		{9B0BCB0A-F9EE-4126-9F89-F7949AE594C9}.Debug|Any CPU.ActiveCfg = Debug|x64
		{9B0BCB0A-F9EE-4126-9F89-F7949AE594C9}.Debug|Any CPU.Build.0 = Debug|x64
		{9B0BCB0A-F9EE-4126-9F89-F7949AE594C9}.Debug|x64.ActiveCfg = Debug|x64
		{9B0BCB0A-F9EE-4126-9F89-F7949AE594C9}.Debug|x64.Build.0 = Debug|x64
		{9B0BCB0A-F9EE-4126-9F89-F7949AE594C9}.Release|Any CPU.ActiveCfg = Release|x64
		{9B0BCB0A-F9EE-4126-9F89-F7949AE594C9}.Release|Any CPU.Build.0 = Release|x64
		{9B0BCB0A-F9EE-4126-9F89-F7949AE594C9}.Release|x64.ActiveCfg = Release|x64
		{9B0BCB0A-F9EE-4126-9F89-F7949AE594C9}.Release|x64.Build.0 = Release|x64
		{7B62A14D-ACD0-4498-8D44-8021A26D0B50}.Debug|Any CPU.ActiveCfg = Debug|x64
		{7B62A14D-ACD0-4498-8D44-8021A26D0B50}.Debug|Any CPU.Build.0 = Debug|x64
		{7B62A14D-ACD0-4498-8D44-8021A26D0B50}.Debug|x64.ActiveCfg = Debug|Any CPU
		{7B62A14D-ACD0-4498-8D44-8021A26D0B50}.Debug|x64.Build.0 = Debug|Any CPU
		{7B62A14D-ACD0-4498-8D44-8021A26D0B50}.Release|Any CPU.ActiveCfg = Release|x64
		{7B62A14D-ACD0-4498-8D44-8021A26D0B50}.Release|Any CPU.Build.0 = Release|x64
		{7B62A14D-ACD0-4498-8D44-8021A26D0B50}.Release|x64.ActiveCfg = Release|Any CPU
		{7B62A14D-ACD0-4498-8D44-8021A26D0B50}.Release|x64.Build.0 = Release|Any CPU
	EndGlobalSection
	GlobalSection(SolutionProperties) = preSolution
		HideSolutionNode = FALSE
	EndGlobalSection
	GlobalSection(ExtensibilityGlobals) = postSolution
		SolutionGuid = {F7F829BA-F5F4-456E-B84E-5BE21E375548}
	EndGlobalSection
EndGlobal
