
Microsoft Visual Studio Solution File, Format Version 12.00
# Visual Studio Version 16
VisualStudioVersion = 16.0.29609.76
MinimumVisualStudioVersion = 10.0.40219.1
Project("{9A19103F-16F7-4668-BE54-9A1E7A4F7556}") = "RGWebSocket", "RGWebSocket\RGWebSocket.csproj", "{9B0BCB0A-F9EE-4126-9F89-F7949AE594C9}"
EndProject
Project("{9A19103F-16F7-4668-BE54-9A1E7A4F7556}") = "RGWebSocketUnity", "RGWebSocketUnity\RGWebSocketUnity.csproj", "{7B62A14D-ACD0-4498-8D44-8021A26D0B50}"
EndProject
Project("{FAE04EC0-301F-11D3-BF4B-00C04F79EFBC}") = "ChatTest", "ChatTest\ChatTest.csproj", "{1EBE62F0-A339-4E3B-A501-F683684CC47E}"
EndProject
Project("{FAE04EC0-301F-11D3-BF4B-00C04F79EFBC}") = "Benchmarks", "Benchmarks\Benchmarks.csproj", "{A026D849-4EAA-4DD3-9BE7-5B06F3FEFA87}"
EndProject
Global
	GlobalSection(SolutionConfigurationPlatforms) = preSolution
		Debug|Any CPU = Debug|Any CPU
		Debug|x64 = Debug|x64
		Debug|x86 = Debug|x86
		Release|Any CPU = Release|Any CPU
		Release|x64 = Release|x64
		Release|x86 = Release|x86
	EndGlobalSection
	GlobalSection(ProjectConfigurationPlatforms) = postSolution
		{9B0BCB0A-F9EE-4126-9F89-F7949AE594C9}.Debug|Any CPU.ActiveCfg = Debug|Any CPU
		{9B0BCB0A-F9EE-4126-9F89-F7949AE594C9}.Debug|Any CPU.Build.0 = Debug|Any CPU
		{9B0BCB0A-F9EE-4126-9F89-F7949AE594C9}.Debug|x64.ActiveCfg = Debug|Any CPU
		{9B0BCB0A-F9EE-4126-9F89-F7949AE594C9}.Debug|x64.Build.0 = Debug|Any CPU
		{9B0BCB0A-F9EE-4126-9F89-F7949AE594C9}.Debug|x86.ActiveCfg = Debug|Any CPU
		{9B0BCB0A-F9EE-4126-9F89-F7949AE594C9}.Debug|x86.Build.0 = Debug|Any CPU
		{9B0BCB0A-F9EE-4126-9F89-F7949AE594C9}.Release|Any CPU.ActiveCfg = Release|Any CPU
		{9B0BCB0A-F9EE-4126-9F89-F7949AE594C9}.Release|Any CPU.Build.0 = Release|Any CPU
		{9B0BCB0A-F9EE-4126-9F89-F7949AE594C9}.Release|x64.ActiveCfg = Release|Any CPU
		{9B0BCB0A-F9EE-4126-9F89-F7949AE594C9}.Release|x64.Build.0 = Release|Any CPU
		{9B0BCB0A-F9EE-4126-9F89-F7949AE594C9}.Release|x86.ActiveCfg = Release|Any CPU
		{9B0BCB0A-F9EE-4126-9F89-F7949AE594C9}.Release|x86.Build.0 = Release|Any CPU
		{7B62A14D-ACD0-4498-8D44-8021A26D0B50}.Debug|Any CPU.ActiveCfg = Debug|Any CPU
		{7B62A14D-ACD0-4498-8D44-8021A26D0B50}.Debug|Any CPU.Build.0 = Debug|Any CPU
		{7B62A14D-ACD0-4498-8D44-8021A26D0B50}.Debug|x64.ActiveCfg = Debug|Any CPU
		{7B62A14D-ACD0-4498-8D44-8021A26D0B50}.Debug|x64.Build.0 = Debug|Any CPU
		{7B62A14D-ACD0-4498-8D44-8021A26D0B50}.Debug|x86.ActiveCfg = Debug|Any CPU
		{7B62A14D-ACD0-4498-8D44-8021A26D0B50}.Debug|x86.Build.0 = Debug|Any CPU
		{7B62A14D-ACD0-4498-8D44-8021A26D0B50}.Release|Any CPU.ActiveCfg = Release|Any CPU
		{7B62A14D-ACD0-4498-8D44-8021A26D0B50}.Release|Any CPU.Build.0 = Release|Any CPU
		{7B62A14D-ACD0-4498-8D44-8021A26D0B50}.Release|x64.ActiveCfg = Release|Any CPU
		{7B62A14D-ACD0-4498-8D44-8021A26D0B50}.Release|x64.Build.0 = Release|Any CPU
		{7B62A14D-ACD0-4498-8D44-8021A26D0B50}.Release|x86.ActiveCfg = Release|Any CPU
		{7B62A14D-ACD0-4498-8D44-8021A26D0B50}.Release|x86.Build.0 = Release|Any CPU
		{1EBE62F0-A339-4E3B-A501-F683684CC47E}.Debug|Any CPU.ActiveCfg = Debug|Any CPU
		{1EBE62F0-A339-4E3B-A501-F683684CC47E}.Debug|Any CPU.Build.0 = Debug|Any CPU
		{1EBE62F0-A339-4E3B-A501-F683684CC47E}.Debug|x64.ActiveCfg = Debug|Any CPU
		{1EBE62F0-A339-4E3B-A501-F683684CC47E}.Debug|x64.Build.0 = Debug|Any CPU
		{1EBE62F0-A339-4E3B-A501-F683684CC47E}.Debug|x86.ActiveCfg = Debug|Any CPU
		{1EBE62F0-A339-4E3B-A501-F683684CC47E}.Debug|x86.Build.0 = Debug|Any CPU
		{1EBE62F0-A339-4E3B-A501-F683684CC47E}.Release|Any CPU.ActiveCfg = Release|Any CPU
		{1EBE62F0-A339-4E3B-A501-F683684CC47E}.Release|Any CPU.Build.0 = Release|Any CPU
		{1EBE62F0-A339-4E3B-A501-F683684CC47E}.Release|x64.ActiveCfg = Release|Any CPU
		{1EBE62F0-A339-4E3B-A501-F683684CC47E}.Release|x64.Build.0 = Release|Any CPU
		{1EBE62F0-A339-4E3B-A501-F683684CC47E}.Release|x86.ActiveCfg = Release|Any CPU
		{1EBE62F0-A339-4E3B-A501-F683684CC47E}.Release|x86.Build.0 = Release|Any CPU
		{A026D849-4EAA-4DD3-9BE7-5B06F3FEFA87}.Debug|Any CPU.ActiveCfg = Debug|Any CPU
		{A026D849-4EAA-4DD3-9BE7-5B06F3FEFA87}.Debug|Any CPU.Build.0 = Debug|Any CPU
		{A026D849-4EAA-4DD3-9BE7-5B06F3FEFA87}.Debug|x64.ActiveCfg = Debug|Any CPU
		{A026D849-4EAA-4DD3-9BE7-5B06F3FEFA87}.Debug|x64.Build.0 = Debug|Any CPU
		{A026D849-4EAA-4DD3-9BE7-5B06F3FEFA87}.Debug|x86.ActiveCfg = Debug|Any CPU
		{A026D849-4EAA-4DD3-9BE7-5B06F3FEFA87}.Debug|x86.Build.0 = Debug|Any CPU
		{A026D849-4EAA-4DD3-9BE7-5B06F3FEFA87}.Release|Any CPU.ActiveCfg = Release|Any CPU
		{A026D849-4EAA-4DD3-9BE7-5B06F3FEFA87}.Release|Any CPU.Build.0 = Release|Any CPU
		{A026D849-4EAA-4DD3-9BE7-5B06F3FEFA87}.Release|x64.ActiveCfg = Release|Any CPU
		{A026D849-4EAA-4DD3-9BE7-5B06F3FEFA87}.Release|x64.Build.0 = Release|Any CPU
		{A026D849-4EAA-4DD3-9BE7-5B06F3FEFA87}.Release|x86.ActiveCfg = Release|Any CPU
		{A026D849-4EAA-4DD3-9BE7-5B06F3FEFA87}.Release|x86.Build.0 = Release|Any CPU
	EndGlobalSection
	GlobalSection(SolutionProperties) = preSolution
		HideSolutionNode = FALSE
	EndGlobalSection
	GlobalSection(ExtensibilityGlobals) = postSolution
		SolutionGuid = {F7F829BA-F5F4-456E-B84E-5BE21E375548}
	EndGlobalSection
EndGlobal
